
Microsoft Visual Studio Solution File, Format Version 12.00
# Visual Studio Version 17
VisualStudioVersion = 17.11.35312.102
MinimumVisualStudioVersion = 10.0.40219.1
Project("{FAE04EC0-301F-11D3-BF4B-00C04F79EFBC}") = "StudentPortal.Web", "StudentPortal.Web\StudentPortal.Web.csproj", "{A95CCA5A-CDB7-4699-8428-A4AF2B360857}"
EndProject
Global
	GlobalSection(SolutionConfigurationPlatforms) = preSolution
		Debug|Any CPU = Debug|Any CPU
		Release|Any CPU = Release|Any CPU
	EndGlobalSection
	GlobalSection(ProjectConfigurationPlatforms) = postSolution
		{A95CCA5A-CDB7-4699-8428-A4AF2B360857}.Debug|Any CPU.ActiveCfg = Debug|Any CPU
		{A95CCA5A-CDB7-4699-8428-A4AF2B360857}.Debug|Any CPU.Build.0 = Debug|Any CPU
		{A95CCA5A-CDB7-4699-8428-A4AF2B360857}.Release|Any CPU.ActiveCfg = Release|Any CPU
		{A95CCA5A-CDB7-4699-8428-A4AF2B360857}.Release|Any CPU.Build.0 = Release|Any CPU
	EndGlobalSection
	GlobalSection(SolutionProperties) = preSolution
		HideSolutionNode = FALSE
	EndGlobalSection
	GlobalSection(ExtensibilityGlobals) = postSolution
		SolutionGuid = {B6EF2036-9B53-403D-90BB-B92D55BB22E3}
	EndGlobalSection
EndGlobal
